
Microsoft Visual Studio Solution File, Format Version 12.00
# Visual Studio Version 17
VisualStudioVersion = 17.7.34031.279
MinimumVisualStudioVersion = 10.0.40219.1
Project("{2150E333-8FDC-42A3-9474-1A3956D46DE8}") = "Services", "Services", "{7C53EC59-6D50-4189-BC81-D6A77E11EE54}"
EndProject
Project("{2150E333-8FDC-42A3-9474-1A3956D46DE8}") = "Events", "Events", "{C31CE5C8-43FF-45A1-BD8F-444413556313}"
EndProject
Project("{2150E333-8FDC-42A3-9474-1A3956D46DE8}") = "Notification", "Notification", "{E48498FD-3D98-4377-93A7-9483FBEDBFD2}"
EndProject
Project("{2150E333-8FDC-42A3-9474-1A3956D46DE8}") = "Subscription", "Subscription", "{BE1056BD-95B5-4447-B14B-385E0553E7BB}"
EndProject
Project("{2150E333-8FDC-42A3-9474-1A3956D46DE8}") = "Tests", "Tests", "{F8EFD77A-4FA8-4133-B9F9-55FB3BC7E76A}"
EndProject
Project("{2150E333-8FDC-42A3-9474-1A3956D46DE8}") = "Tests", "Tests", "{8AD2CB21-B140-403B-9738-E31D427AA56B}"
EndProject
Project("{2150E333-8FDC-42A3-9474-1A3956D46DE8}") = "Tests", "Tests", "{9FAFF96F-FBBC-4B86-A11D-D425812AA78D}"
EndProject
Project("{9A19103F-16F7-4668-BE54-9A1E7A4F7556}") = "Events.API", "Services\Events\Events.API\Events.API.csproj", "{9FDAEAF3-845A-47BA-B12E-01858A3684A9}"
EndProject
Project("{9A19103F-16F7-4668-BE54-9A1E7A4F7556}") = "Events.Application", "Services\Events\Events.Application\Events.Application.csproj", "{C8D62B82-A8D0-4B89-BB0D-A80C7371E7B5}"
EndProject
Project("{9A19103F-16F7-4668-BE54-9A1E7A4F7556}") = "Events.Application.Core", "Services\Events\Events.Application.Core\Events.Application.Core.csproj", "{451F1D75-9642-46FA-9805-95B04F7B6163}"
EndProject
Project("{9A19103F-16F7-4668-BE54-9A1E7A4F7556}") = "Events.Domain", "Services\Events\Events.Domain\Events.Domain.csproj", "{B83521B9-099F-4280-9C07-6C2F0172C035}"
EndProject
Project("{9A19103F-16F7-4668-BE54-9A1E7A4F7556}") = "Events.Infrastructure", "Services\Events\Events.Infrastructure\Events.Infrastructure.csproj", "{FD633532-C4E0-4915-A89C-2CE4694C22FB}"
EndProject
Project("{9A19103F-16F7-4668-BE54-9A1E7A4F7556}") = "Events.API.Tests", "Services\Events\Tests\Events.API.Tests\Events.API.Tests.csproj", "{6AC27C2B-7098-480B-986D-2C299358378D}"
EndProject
Project("{9A19103F-16F7-4668-BE54-9A1E7A4F7556}") = "Events.Application.Core.Tests", "Services\Events\Tests\Events.Application.Core.Tests\Events.Application.Core.Tests.csproj", "{CF5C800D-56CB-453B-9AB6-D441D5949913}"
EndProject
Project("{9A19103F-16F7-4668-BE54-9A1E7A4F7556}") = "Events.Application.Tests", "Services\Events\Tests\Events.Application.Tests\Events.Application.Tests.csproj", "{39A8DA45-B3DF-4B3A-99D1-FE059C19F68C}"
EndProject
Project("{9A19103F-16F7-4668-BE54-9A1E7A4F7556}") = "Events.Domain.Tests", "Services\Events\Tests\Events.Domain.Tests\Events.Domain.Tests.csproj", "{7D75819A-91E4-4EC8-9B1D-65CA660AE0F3}"
EndProject
Project("{9A19103F-16F7-4668-BE54-9A1E7A4F7556}") = "Events.Infrastructure.Tests", "Services\Events\Tests\Events.Infrastructure.Tests\Events.Infrastructure.Tests.csproj", "{B6C48668-D880-4766-B003-0ED18F002098}"
EndProject
Project("{9A19103F-16F7-4668-BE54-9A1E7A4F7556}") = "Notification.API", "Services\Notification\Notification.API\Notification.API.csproj", "{BEAAC325-868B-4BB6-ACCD-4FD4D5DA87DA}"
EndProject
Project("{9A19103F-16F7-4668-BE54-9A1E7A4F7556}") = "Notification.Application", "Services\Notification\Notification.Application\Notification.Application.csproj", "{D54ABD4B-45DB-42BB-A928-35CB240DBF32}"
EndProject
Project("{9A19103F-16F7-4668-BE54-9A1E7A4F7556}") = "Notification.Application.Core", "Services\Notification\Notification.Application.Core\Notification.Application.Core.csproj", "{04D3505E-A8AC-452F-9E13-A1253A47A151}"
EndProject
Project("{9A19103F-16F7-4668-BE54-9A1E7A4F7556}") = "Notification.Domain", "Services\Notification\Notification.Domain\Notification.Domain.csproj", "{2EA6C0C9-2FA7-4FC5-B44E-7A7EFF7A506A}"
EndProject
Project("{9A19103F-16F7-4668-BE54-9A1E7A4F7556}") = "Notification.Infrastructure", "Services\Notification\Notification.Infrastructure\Notification.Infrastructure.csproj", "{780E6A88-F886-49E2-975A-B3C1EA552187}"
EndProject
Project("{9A19103F-16F7-4668-BE54-9A1E7A4F7556}") = "Notification.API.Tests", "Services\Notification\Tests\Notification.API.Tests\Notification.API.Tests.csproj", "{12DE515D-83EA-47AE-B3A5-74DAE106A9A5}"
EndProject
Project("{9A19103F-16F7-4668-BE54-9A1E7A4F7556}") = "Notification.Application.Core.Tests", "Services\Notification\Tests\Notification.Application.Core.Tests\Notification.Application.Core.Tests.csproj", "{0081CB76-D43E-4016-9FEA-4FB40355FC40}"
EndProject
Project("{9A19103F-16F7-4668-BE54-9A1E7A4F7556}") = "Notification.Application.Tests", "Services\Notification\Tests\Notification.Application.Tests\Notification.Application.Tests.csproj", "{39D59780-BFB1-4F27-906F-B2D4A1146567}"
EndProject
Project("{9A19103F-16F7-4668-BE54-9A1E7A4F7556}") = "Notification.Domain.Tests", "Services\Notification\Tests\Notification.Domain.Tests\Notification.Domain.Tests.csproj", "{95BE7F2D-0B16-4048-923B-DF6D3767F000}"
EndProject
Project("{9A19103F-16F7-4668-BE54-9A1E7A4F7556}") = "Notification.Infrastructure.Tests", "Services\Notification\Tests\Notification.Infrastructure.Tests\Notification.Infrastructure.Tests.csproj", "{4EF2C9E4-4A7F-488C-937D-9A6A1C339DE7}"
EndProject
Project("{9A19103F-16F7-4668-BE54-9A1E7A4F7556}") = "Subscription.API", "Services\Subscription\Subscription.API\Subscription.API.csproj", "{F61DC1F3-BDDB-4C2B-8C18-33552FB6523F}"
EndProject
Project("{9A19103F-16F7-4668-BE54-9A1E7A4F7556}") = "Subscription.Application", "Services\Subscription\Subscription.Application\Subscription.Application.csproj", "{3240FDD4-97E0-499A-B530-5628E77DC40A}"
EndProject
Project("{9A19103F-16F7-4668-BE54-9A1E7A4F7556}") = "Subscription.Application.Core", "Services\Subscription\Subscription.Application.Core\Subscription.Application.Core.csproj", "{7240DC79-DF90-4733-8016-A645771B4E18}"
EndProject
Project("{9A19103F-16F7-4668-BE54-9A1E7A4F7556}") = "Subscription.Domain", "Services\Subscription\Subscription.Domain\Subscription.Domain.csproj", "{45BC2C40-DE68-4212-8748-857411605176}"
EndProject
Project("{9A19103F-16F7-4668-BE54-9A1E7A4F7556}") = "Subscription.Infrastructure", "Services\Subscription\Subscription.Infrastructure\Subscription.Infrastructure.csproj", "{2F514589-6308-4001-AB8E-9BEBC36B8876}"
EndProject
Project("{9A19103F-16F7-4668-BE54-9A1E7A4F7556}") = "Subscription.API.Tests", "Services\Subscription\Tests\Subscription.API.Tests\Subscription.API.Tests.csproj", "{26603C5A-3C01-40FC-9724-6EBB3486B1A1}"
EndProject
Project("{9A19103F-16F7-4668-BE54-9A1E7A4F7556}") = "Subscription.Application.Core.Tests", "Services\Subscription\Tests\Subscription.Application.Core.Tests\Subscription.Application.Core.Tests.csproj", "{4B6F35C5-A4B3-47D8-88DB-AF8D7CB03F62}"
EndProject
Project("{9A19103F-16F7-4668-BE54-9A1E7A4F7556}") = "Subscription.Application.Tests", "Services\Subscription\Tests\Subscription.Application.Tests\Subscription.Application.Tests.csproj", "{A123E679-DEBC-49A0-9859-03EE16BBFF99}"
EndProject
Project("{9A19103F-16F7-4668-BE54-9A1E7A4F7556}") = "Subscription.Domain.Tests", "Services\Subscription\Tests\Subscription.Domain.Tests\Subscription.Domain.Tests.csproj", "{CF7806E0-C6A3-49F2-A37F-F1BA7A04A823}"
EndProject
Project("{9A19103F-16F7-4668-BE54-9A1E7A4F7556}") = "Subscription.Infrastructure.Tests", "Services\Subscription\Tests\Subscription.Infrastructure.Tests\Subscription.Infrastructure.Tests.csproj", "{DEC5A830-3DEB-4735-A964-0EBFA56707D2}"
EndProject
Project("{2150E333-8FDC-42A3-9474-1A3956D46DE8}") = "Gateways", "Gateways", "{748316B7-3CA2-45F3-8151-FF9158322710}"
EndProject
Project("{9A19103F-16F7-4668-BE54-9A1E7A4F7556}") = "Gateway.Web", "Gateways\Gateway.Web\Gateway.Web.csproj", "{8348BE1B-FA66-4323-9E44-8CFBCD84E26C}"
EndProject
Project("{2150E333-8FDC-42A3-9474-1A3956D46DE8}") = "Identity", "Identity", "{8AD96465-FA99-4EE6-BA9F-6C0BF41A7A38}"
EndProject
Project("{9A19103F-16F7-4668-BE54-9A1E7A4F7556}") = "Identity.API", "Services\Identity\Identity.API\Identity.API.csproj", "{940E3DA6-1A80-4F63-AA7C-DE75BDEC03D5}"
EndProject
Project("{2150E333-8FDC-42A3-9474-1A3956D46DE8}") = "Tests", "Tests", "{1A3488E4-7D40-4180-9458-E9ECAB895933}"
EndProject
Project("{9A19103F-16F7-4668-BE54-9A1E7A4F7556}") = "Identity.API.Tests", "Services\Identity\Tests\Identity.API.Tests\Identity.API.Tests.csproj", "{78424817-197A-466D-B993-8CD9BD856E6F}"
EndProject
Project("{9A19103F-16F7-4668-BE54-9A1E7A4F7556}") = "Identity.Infrastructure", "Services\Identity\Identity.Infrastructure\Identity.Infrastructure.csproj", "{A5D59546-CF75-4E73-88EA-746410FD2511}"
EndProject
Project("{9A19103F-16F7-4668-BE54-9A1E7A4F7556}") = "Identity.Infrastructure.Tests", "Services\Identity\Tests\Identity.Infrastructure.Tests\Identity.Infrastructure.Tests.csproj", "{C31CEC44-C221-4C1A-86CC-70EBADD96A48}"
EndProject
Project("{9A19103F-16F7-4668-BE54-9A1E7A4F7556}") = "Identity.Domain", "Services\Identity\Identity.Domain\Identity.Domain.csproj", "{6A4F3C17-A686-405E-82C1-DA2735510374}"
EndProject
Project("{9A19103F-16F7-4668-BE54-9A1E7A4F7556}") = "Identity.Application", "Services\Identity\Identity.Application\Identity.Application.csproj", "{9C5FE389-B6D7-40F8-9026-4A0AA1D2239F}"
EndProject
Project("{9A19103F-16F7-4668-BE54-9A1E7A4F7556}") = "Identity.Application.Core", "Services\Identity\Identity.Application.Core\Identity.Application.Core.csproj", "{9DD09F18-CC67-4598-91B1-F90C5AE46C07}"
EndProject
Project("{9A19103F-16F7-4668-BE54-9A1E7A4F7556}") = "Identity.Application.Tests", "Services\Identity\Tests\Identity.Application.Tests\Identity.Application.Tests.csproj", "{7DDD8441-06FC-4046-A9FF-2FB0A7849E39}"
EndProject
Project("{9A19103F-16F7-4668-BE54-9A1E7A4F7556}") = "Identity.Application.Core.Tests", "Services\Identity\Tests\Identity.Application.Core.Tests\Identity.Application.Core.Tests.csproj", "{555733DB-7105-407C-94E6-0F943CADA317}"
EndProject
Project("{9A19103F-16F7-4668-BE54-9A1E7A4F7556}") = "Identity.Domain.Tests", "Services\Identity\Tests\Identity.Domain.Tests\Identity.Domain.Tests.csproj", "{CA8F59BB-F368-4FFB-B5D6-EA787CFC1E55}"
EndProject
Project("{2150E333-8FDC-42A3-9474-1A3956D46DE8}") = "Algorithms", "Algorithms", "{B3B6B8F1-D824-4C1D-9B2B-D314A67DD33C}"
EndProject
Project("{FAE04EC0-301F-11D3-BF4B-00C04F79EFBC}") = "Algorithms.API", "Services\Algorithms\Algorithms.API\Algorithms.API.csproj", "{DAD36253-4C65-4B35-8193-61A7D6BB7BEE}"
EndProject
Project("{FAE04EC0-301F-11D3-BF4B-00C04F79EFBC}") = "Algorithms.Application", "Services\Algorithms\Algorithms.Application\Algorithms.Application.csproj", "{91372121-5E07-4A75-B9A0-9A508A6464F2}"
EndProject
Project("{FAE04EC0-301F-11D3-BF4B-00C04F79EFBC}") = "Algorithms.Application.Core", "Services\Algorithms\Algorithms.Application.Core\Algorithms.Application.Core.csproj", "{AE9C05DA-3F28-4F17-A907-A85DFFB3BD26}"
EndProject
Project("{FAE04EC0-301F-11D3-BF4B-00C04F79EFBC}") = "Algorithms.Domain", "Services\Algorithms\Algorithms.Domain\Algorithms.Domain.csproj", "{4CAD7451-2708-4331-844B-C05D8A448726}"
EndProject
Project("{FAE04EC0-301F-11D3-BF4B-00C04F79EFBC}") = "Algorithms.Infrastructure", "Services\Algorithms\Algorithms.Infrastructure\Algorithms.Infrastructure.csproj", "{2E902883-BBB2-469B-BC3B-5199A0BA785E}"
EndProject
Project("{2150E333-8FDC-42A3-9474-1A3956D46DE8}") = "Tests", "Tests", "{26D121C6-3133-4E7F-BF54-76A9E694FD5E}"
EndProject
Project("{FAE04EC0-301F-11D3-BF4B-00C04F79EFBC}") = "Algorithms.API.Tests", "Services\Algorithms\Tests\Algorithms.API.Tests\Algorithms.API.Tests.csproj", "{6ABEFFA8-3B6E-4EFF-8075-8ECFAA3F0814}"
EndProject
Project("{FAE04EC0-301F-11D3-BF4B-00C04F79EFBC}") = "Algorithms.Application.Core.Tests", "Services\Algorithms\Tests\Algorithms.Application.Core.Tests\Algorithms.Application.Core.Tests.csproj", "{0AFFDE01-D1C9-419B-958A-6305293F60F4}"
EndProject
Project("{FAE04EC0-301F-11D3-BF4B-00C04F79EFBC}") = "Algorithms.Application.Tests", "Services\Algorithms\Tests\Algorithms.Application.Tests\Algorithms.Application.Tests.csproj", "{3AD37C54-3FD7-412B-917B-A92C43D92CC3}"
EndProject
Project("{FAE04EC0-301F-11D3-BF4B-00C04F79EFBC}") = "Algorithms.Domain.Tests", "Services\Algorithms\Tests\Algorithms.Domain.Tests\Algorithms.Domain.Tests.csproj", "{EB81DB89-E83A-47D1-8C20-5963293D6899}"
EndProject
Project("{FAE04EC0-301F-11D3-BF4B-00C04F79EFBC}") = "Algorithms.Infrastructure.Tests", "Services\Algorithms\Tests\Algorithms.Infrastructure.Tests\Algorithms.Infrastructure.Tests.csproj", "{36B8F55C-0935-4B13-89FA-C8BCFC68A701}"
EndProject
Global
	GlobalSection(SolutionConfigurationPlatforms) = preSolution
		Debug|Any CPU = Debug|Any CPU
		Release|Any CPU = Release|Any CPU
	EndGlobalSection
	GlobalSection(ProjectConfigurationPlatforms) = postSolution
		{9FDAEAF3-845A-47BA-B12E-01858A3684A9}.Debug|Any CPU.ActiveCfg = Debug|Any CPU
		{9FDAEAF3-845A-47BA-B12E-01858A3684A9}.Debug|Any CPU.Build.0 = Debug|Any CPU
		{9FDAEAF3-845A-47BA-B12E-01858A3684A9}.Release|Any CPU.ActiveCfg = Release|Any CPU
		{9FDAEAF3-845A-47BA-B12E-01858A3684A9}.Release|Any CPU.Build.0 = Release|Any CPU
		{C8D62B82-A8D0-4B89-BB0D-A80C7371E7B5}.Debug|Any CPU.ActiveCfg = Debug|Any CPU
		{C8D62B82-A8D0-4B89-BB0D-A80C7371E7B5}.Debug|Any CPU.Build.0 = Debug|Any CPU
		{C8D62B82-A8D0-4B89-BB0D-A80C7371E7B5}.Release|Any CPU.ActiveCfg = Release|Any CPU
		{C8D62B82-A8D0-4B89-BB0D-A80C7371E7B5}.Release|Any CPU.Build.0 = Release|Any CPU
		{451F1D75-9642-46FA-9805-95B04F7B6163}.Debug|Any CPU.ActiveCfg = Debug|Any CPU
		{451F1D75-9642-46FA-9805-95B04F7B6163}.Debug|Any CPU.Build.0 = Debug|Any CPU
		{451F1D75-9642-46FA-9805-95B04F7B6163}.Release|Any CPU.ActiveCfg = Release|Any CPU
		{451F1D75-9642-46FA-9805-95B04F7B6163}.Release|Any CPU.Build.0 = Release|Any CPU
		{B83521B9-099F-4280-9C07-6C2F0172C035}.Debug|Any CPU.ActiveCfg = Debug|Any CPU
		{B83521B9-099F-4280-9C07-6C2F0172C035}.Debug|Any CPU.Build.0 = Debug|Any CPU
		{B83521B9-099F-4280-9C07-6C2F0172C035}.Release|Any CPU.ActiveCfg = Release|Any CPU
		{B83521B9-099F-4280-9C07-6C2F0172C035}.Release|Any CPU.Build.0 = Release|Any CPU
		{FD633532-C4E0-4915-A89C-2CE4694C22FB}.Debug|Any CPU.ActiveCfg = Debug|Any CPU
		{FD633532-C4E0-4915-A89C-2CE4694C22FB}.Debug|Any CPU.Build.0 = Debug|Any CPU
		{FD633532-C4E0-4915-A89C-2CE4694C22FB}.Release|Any CPU.ActiveCfg = Release|Any CPU
		{FD633532-C4E0-4915-A89C-2CE4694C22FB}.Release|Any CPU.Build.0 = Release|Any CPU
		{6AC27C2B-7098-480B-986D-2C299358378D}.Debug|Any CPU.ActiveCfg = Debug|Any CPU
		{6AC27C2B-7098-480B-986D-2C299358378D}.Debug|Any CPU.Build.0 = Debug|Any CPU
		{6AC27C2B-7098-480B-986D-2C299358378D}.Release|Any CPU.ActiveCfg = Release|Any CPU
		{6AC27C2B-7098-480B-986D-2C299358378D}.Release|Any CPU.Build.0 = Release|Any CPU
		{CF5C800D-56CB-453B-9AB6-D441D5949913}.Debug|Any CPU.ActiveCfg = Debug|Any CPU
		{CF5C800D-56CB-453B-9AB6-D441D5949913}.Debug|Any CPU.Build.0 = Debug|Any CPU
		{CF5C800D-56CB-453B-9AB6-D441D5949913}.Release|Any CPU.ActiveCfg = Release|Any CPU
		{CF5C800D-56CB-453B-9AB6-D441D5949913}.Release|Any CPU.Build.0 = Release|Any CPU
		{39A8DA45-B3DF-4B3A-99D1-FE059C19F68C}.Debug|Any CPU.ActiveCfg = Debug|Any CPU
		{39A8DA45-B3DF-4B3A-99D1-FE059C19F68C}.Debug|Any CPU.Build.0 = Debug|Any CPU
		{39A8DA45-B3DF-4B3A-99D1-FE059C19F68C}.Release|Any CPU.ActiveCfg = Release|Any CPU
		{39A8DA45-B3DF-4B3A-99D1-FE059C19F68C}.Release|Any CPU.Build.0 = Release|Any CPU
		{7D75819A-91E4-4EC8-9B1D-65CA660AE0F3}.Debug|Any CPU.ActiveCfg = Debug|Any CPU
		{7D75819A-91E4-4EC8-9B1D-65CA660AE0F3}.Debug|Any CPU.Build.0 = Debug|Any CPU
		{7D75819A-91E4-4EC8-9B1D-65CA660AE0F3}.Release|Any CPU.ActiveCfg = Release|Any CPU
		{7D75819A-91E4-4EC8-9B1D-65CA660AE0F3}.Release|Any CPU.Build.0 = Release|Any CPU
		{B6C48668-D880-4766-B003-0ED18F002098}.Debug|Any CPU.ActiveCfg = Debug|Any CPU
		{B6C48668-D880-4766-B003-0ED18F002098}.Debug|Any CPU.Build.0 = Debug|Any CPU
		{B6C48668-D880-4766-B003-0ED18F002098}.Release|Any CPU.ActiveCfg = Release|Any CPU
		{B6C48668-D880-4766-B003-0ED18F002098}.Release|Any CPU.Build.0 = Release|Any CPU
		{BEAAC325-868B-4BB6-ACCD-4FD4D5DA87DA}.Debug|Any CPU.ActiveCfg = Debug|Any CPU
		{BEAAC325-868B-4BB6-ACCD-4FD4D5DA87DA}.Debug|Any CPU.Build.0 = Debug|Any CPU
		{BEAAC325-868B-4BB6-ACCD-4FD4D5DA87DA}.Release|Any CPU.ActiveCfg = Release|Any CPU
		{BEAAC325-868B-4BB6-ACCD-4FD4D5DA87DA}.Release|Any CPU.Build.0 = Release|Any CPU
		{D54ABD4B-45DB-42BB-A928-35CB240DBF32}.Debug|Any CPU.ActiveCfg = Debug|Any CPU
		{D54ABD4B-45DB-42BB-A928-35CB240DBF32}.Debug|Any CPU.Build.0 = Debug|Any CPU
		{D54ABD4B-45DB-42BB-A928-35CB240DBF32}.Release|Any CPU.ActiveCfg = Release|Any CPU
		{D54ABD4B-45DB-42BB-A928-35CB240DBF32}.Release|Any CPU.Build.0 = Release|Any CPU
		{04D3505E-A8AC-452F-9E13-A1253A47A151}.Debug|Any CPU.ActiveCfg = Debug|Any CPU
		{04D3505E-A8AC-452F-9E13-A1253A47A151}.Debug|Any CPU.Build.0 = Debug|Any CPU
		{04D3505E-A8AC-452F-9E13-A1253A47A151}.Release|Any CPU.ActiveCfg = Release|Any CPU
		{04D3505E-A8AC-452F-9E13-A1253A47A151}.Release|Any CPU.Build.0 = Release|Any CPU
		{2EA6C0C9-2FA7-4FC5-B44E-7A7EFF7A506A}.Debug|Any CPU.ActiveCfg = Debug|Any CPU
		{2EA6C0C9-2FA7-4FC5-B44E-7A7EFF7A506A}.Debug|Any CPU.Build.0 = Debug|Any CPU
		{2EA6C0C9-2FA7-4FC5-B44E-7A7EFF7A506A}.Release|Any CPU.ActiveCfg = Release|Any CPU
		{2EA6C0C9-2FA7-4FC5-B44E-7A7EFF7A506A}.Release|Any CPU.Build.0 = Release|Any CPU
		{780E6A88-F886-49E2-975A-B3C1EA552187}.Debug|Any CPU.ActiveCfg = Debug|Any CPU
		{780E6A88-F886-49E2-975A-B3C1EA552187}.Debug|Any CPU.Build.0 = Debug|Any CPU
		{780E6A88-F886-49E2-975A-B3C1EA552187}.Release|Any CPU.ActiveCfg = Release|Any CPU
		{780E6A88-F886-49E2-975A-B3C1EA552187}.Release|Any CPU.Build.0 = Release|Any CPU
		{12DE515D-83EA-47AE-B3A5-74DAE106A9A5}.Debug|Any CPU.ActiveCfg = Debug|Any CPU
		{12DE515D-83EA-47AE-B3A5-74DAE106A9A5}.Debug|Any CPU.Build.0 = Debug|Any CPU
		{12DE515D-83EA-47AE-B3A5-74DAE106A9A5}.Release|Any CPU.ActiveCfg = Release|Any CPU
		{12DE515D-83EA-47AE-B3A5-74DAE106A9A5}.Release|Any CPU.Build.0 = Release|Any CPU
		{0081CB76-D43E-4016-9FEA-4FB40355FC40}.Debug|Any CPU.ActiveCfg = Debug|Any CPU
		{0081CB76-D43E-4016-9FEA-4FB40355FC40}.Debug|Any CPU.Build.0 = Debug|Any CPU
		{0081CB76-D43E-4016-9FEA-4FB40355FC40}.Release|Any CPU.ActiveCfg = Release|Any CPU
		{0081CB76-D43E-4016-9FEA-4FB40355FC40}.Release|Any CPU.Build.0 = Release|Any CPU
		{39D59780-BFB1-4F27-906F-B2D4A1146567}.Debug|Any CPU.ActiveCfg = Debug|Any CPU
		{39D59780-BFB1-4F27-906F-B2D4A1146567}.Debug|Any CPU.Build.0 = Debug|Any CPU
		{39D59780-BFB1-4F27-906F-B2D4A1146567}.Release|Any CPU.ActiveCfg = Release|Any CPU
		{39D59780-BFB1-4F27-906F-B2D4A1146567}.Release|Any CPU.Build.0 = Release|Any CPU
		{95BE7F2D-0B16-4048-923B-DF6D3767F000}.Debug|Any CPU.ActiveCfg = Debug|Any CPU
		{95BE7F2D-0B16-4048-923B-DF6D3767F000}.Debug|Any CPU.Build.0 = Debug|Any CPU
		{95BE7F2D-0B16-4048-923B-DF6D3767F000}.Release|Any CPU.ActiveCfg = Release|Any CPU
		{95BE7F2D-0B16-4048-923B-DF6D3767F000}.Release|Any CPU.Build.0 = Release|Any CPU
		{4EF2C9E4-4A7F-488C-937D-9A6A1C339DE7}.Debug|Any CPU.ActiveCfg = Debug|Any CPU
		{4EF2C9E4-4A7F-488C-937D-9A6A1C339DE7}.Debug|Any CPU.Build.0 = Debug|Any CPU
		{4EF2C9E4-4A7F-488C-937D-9A6A1C339DE7}.Release|Any CPU.ActiveCfg = Release|Any CPU
		{4EF2C9E4-4A7F-488C-937D-9A6A1C339DE7}.Release|Any CPU.Build.0 = Release|Any CPU
		{F61DC1F3-BDDB-4C2B-8C18-33552FB6523F}.Debug|Any CPU.ActiveCfg = Debug|Any CPU
		{F61DC1F3-BDDB-4C2B-8C18-33552FB6523F}.Debug|Any CPU.Build.0 = Debug|Any CPU
		{F61DC1F3-BDDB-4C2B-8C18-33552FB6523F}.Release|Any CPU.ActiveCfg = Release|Any CPU
		{F61DC1F3-BDDB-4C2B-8C18-33552FB6523F}.Release|Any CPU.Build.0 = Release|Any CPU
		{3240FDD4-97E0-499A-B530-5628E77DC40A}.Debug|Any CPU.ActiveCfg = Debug|Any CPU
		{3240FDD4-97E0-499A-B530-5628E77DC40A}.Debug|Any CPU.Build.0 = Debug|Any CPU
		{3240FDD4-97E0-499A-B530-5628E77DC40A}.Release|Any CPU.ActiveCfg = Release|Any CPU
		{3240FDD4-97E0-499A-B530-5628E77DC40A}.Release|Any CPU.Build.0 = Release|Any CPU
		{7240DC79-DF90-4733-8016-A645771B4E18}.Debug|Any CPU.ActiveCfg = Debug|Any CPU
		{7240DC79-DF90-4733-8016-A645771B4E18}.Debug|Any CPU.Build.0 = Debug|Any CPU
		{7240DC79-DF90-4733-8016-A645771B4E18}.Release|Any CPU.ActiveCfg = Release|Any CPU
		{7240DC79-DF90-4733-8016-A645771B4E18}.Release|Any CPU.Build.0 = Release|Any CPU
		{45BC2C40-DE68-4212-8748-857411605176}.Debug|Any CPU.ActiveCfg = Debug|Any CPU
		{45BC2C40-DE68-4212-8748-857411605176}.Debug|Any CPU.Build.0 = Debug|Any CPU
		{45BC2C40-DE68-4212-8748-857411605176}.Release|Any CPU.ActiveCfg = Release|Any CPU
		{45BC2C40-DE68-4212-8748-857411605176}.Release|Any CPU.Build.0 = Release|Any CPU
		{2F514589-6308-4001-AB8E-9BEBC36B8876}.Debug|Any CPU.ActiveCfg = Debug|Any CPU
		{2F514589-6308-4001-AB8E-9BEBC36B8876}.Debug|Any CPU.Build.0 = Debug|Any CPU
		{2F514589-6308-4001-AB8E-9BEBC36B8876}.Release|Any CPU.ActiveCfg = Release|Any CPU
		{2F514589-6308-4001-AB8E-9BEBC36B8876}.Release|Any CPU.Build.0 = Release|Any CPU
		{26603C5A-3C01-40FC-9724-6EBB3486B1A1}.Debug|Any CPU.ActiveCfg = Debug|Any CPU
		{26603C5A-3C01-40FC-9724-6EBB3486B1A1}.Debug|Any CPU.Build.0 = Debug|Any CPU
		{26603C5A-3C01-40FC-9724-6EBB3486B1A1}.Release|Any CPU.ActiveCfg = Release|Any CPU
		{26603C5A-3C01-40FC-9724-6EBB3486B1A1}.Release|Any CPU.Build.0 = Release|Any CPU
		{4B6F35C5-A4B3-47D8-88DB-AF8D7CB03F62}.Debug|Any CPU.ActiveCfg = Debug|Any CPU
		{4B6F35C5-A4B3-47D8-88DB-AF8D7CB03F62}.Debug|Any CPU.Build.0 = Debug|Any CPU
		{4B6F35C5-A4B3-47D8-88DB-AF8D7CB03F62}.Release|Any CPU.ActiveCfg = Release|Any CPU
		{4B6F35C5-A4B3-47D8-88DB-AF8D7CB03F62}.Release|Any CPU.Build.0 = Release|Any CPU
		{A123E679-DEBC-49A0-9859-03EE16BBFF99}.Debug|Any CPU.ActiveCfg = Debug|Any CPU
		{A123E679-DEBC-49A0-9859-03EE16BBFF99}.Debug|Any CPU.Build.0 = Debug|Any CPU
		{A123E679-DEBC-49A0-9859-03EE16BBFF99}.Release|Any CPU.ActiveCfg = Release|Any CPU
		{A123E679-DEBC-49A0-9859-03EE16BBFF99}.Release|Any CPU.Build.0 = Release|Any CPU
		{CF7806E0-C6A3-49F2-A37F-F1BA7A04A823}.Debug|Any CPU.ActiveCfg = Debug|Any CPU
		{CF7806E0-C6A3-49F2-A37F-F1BA7A04A823}.Debug|Any CPU.Build.0 = Debug|Any CPU
		{CF7806E0-C6A3-49F2-A37F-F1BA7A04A823}.Release|Any CPU.ActiveCfg = Release|Any CPU
		{CF7806E0-C6A3-49F2-A37F-F1BA7A04A823}.Release|Any CPU.Build.0 = Release|Any CPU
		{DEC5A830-3DEB-4735-A964-0EBFA56707D2}.Debug|Any CPU.ActiveCfg = Debug|Any CPU
		{DEC5A830-3DEB-4735-A964-0EBFA56707D2}.Debug|Any CPU.Build.0 = Debug|Any CPU
		{DEC5A830-3DEB-4735-A964-0EBFA56707D2}.Release|Any CPU.ActiveCfg = Release|Any CPU
		{DEC5A830-3DEB-4735-A964-0EBFA56707D2}.Release|Any CPU.Build.0 = Release|Any CPU
		{8348BE1B-FA66-4323-9E44-8CFBCD84E26C}.Debug|Any CPU.ActiveCfg = Debug|Any CPU
		{8348BE1B-FA66-4323-9E44-8CFBCD84E26C}.Debug|Any CPU.Build.0 = Debug|Any CPU
		{8348BE1B-FA66-4323-9E44-8CFBCD84E26C}.Release|Any CPU.ActiveCfg = Release|Any CPU
		{8348BE1B-FA66-4323-9E44-8CFBCD84E26C}.Release|Any CPU.Build.0 = Release|Any CPU
		{940E3DA6-1A80-4F63-AA7C-DE75BDEC03D5}.Debug|Any CPU.ActiveCfg = Debug|Any CPU
		{940E3DA6-1A80-4F63-AA7C-DE75BDEC03D5}.Debug|Any CPU.Build.0 = Debug|Any CPU
		{940E3DA6-1A80-4F63-AA7C-DE75BDEC03D5}.Release|Any CPU.ActiveCfg = Release|Any CPU
		{940E3DA6-1A80-4F63-AA7C-DE75BDEC03D5}.Release|Any CPU.Build.0 = Release|Any CPU
		{78424817-197A-466D-B993-8CD9BD856E6F}.Debug|Any CPU.ActiveCfg = Debug|Any CPU
		{78424817-197A-466D-B993-8CD9BD856E6F}.Debug|Any CPU.Build.0 = Debug|Any CPU
		{78424817-197A-466D-B993-8CD9BD856E6F}.Release|Any CPU.ActiveCfg = Release|Any CPU
		{78424817-197A-466D-B993-8CD9BD856E6F}.Release|Any CPU.Build.0 = Release|Any CPU
		{A5D59546-CF75-4E73-88EA-746410FD2511}.Debug|Any CPU.ActiveCfg = Debug|Any CPU
		{A5D59546-CF75-4E73-88EA-746410FD2511}.Debug|Any CPU.Build.0 = Debug|Any CPU
		{A5D59546-CF75-4E73-88EA-746410FD2511}.Release|Any CPU.ActiveCfg = Release|Any CPU
		{A5D59546-CF75-4E73-88EA-746410FD2511}.Release|Any CPU.Build.0 = Release|Any CPU
		{C31CEC44-C221-4C1A-86CC-70EBADD96A48}.Debug|Any CPU.ActiveCfg = Debug|Any CPU
		{C31CEC44-C221-4C1A-86CC-70EBADD96A48}.Debug|Any CPU.Build.0 = Debug|Any CPU
		{C31CEC44-C221-4C1A-86CC-70EBADD96A48}.Release|Any CPU.ActiveCfg = Release|Any CPU
		{C31CEC44-C221-4C1A-86CC-70EBADD96A48}.Release|Any CPU.Build.0 = Release|Any CPU
		{6A4F3C17-A686-405E-82C1-DA2735510374}.Debug|Any CPU.ActiveCfg = Debug|Any CPU
		{6A4F3C17-A686-405E-82C1-DA2735510374}.Debug|Any CPU.Build.0 = Debug|Any CPU
		{6A4F3C17-A686-405E-82C1-DA2735510374}.Release|Any CPU.ActiveCfg = Release|Any CPU
		{6A4F3C17-A686-405E-82C1-DA2735510374}.Release|Any CPU.Build.0 = Release|Any CPU
		{9C5FE389-B6D7-40F8-9026-4A0AA1D2239F}.Debug|Any CPU.ActiveCfg = Debug|Any CPU
		{9C5FE389-B6D7-40F8-9026-4A0AA1D2239F}.Debug|Any CPU.Build.0 = Debug|Any CPU
		{9C5FE389-B6D7-40F8-9026-4A0AA1D2239F}.Release|Any CPU.ActiveCfg = Release|Any CPU
		{9C5FE389-B6D7-40F8-9026-4A0AA1D2239F}.Release|Any CPU.Build.0 = Release|Any CPU
		{9DD09F18-CC67-4598-91B1-F90C5AE46C07}.Debug|Any CPU.ActiveCfg = Debug|Any CPU
		{9DD09F18-CC67-4598-91B1-F90C5AE46C07}.Debug|Any CPU.Build.0 = Debug|Any CPU
		{9DD09F18-CC67-4598-91B1-F90C5AE46C07}.Release|Any CPU.ActiveCfg = Release|Any CPU
		{9DD09F18-CC67-4598-91B1-F90C5AE46C07}.Release|Any CPU.Build.0 = Release|Any CPU
		{7DDD8441-06FC-4046-A9FF-2FB0A7849E39}.Debug|Any CPU.ActiveCfg = Debug|Any CPU
		{7DDD8441-06FC-4046-A9FF-2FB0A7849E39}.Debug|Any CPU.Build.0 = Debug|Any CPU
		{7DDD8441-06FC-4046-A9FF-2FB0A7849E39}.Release|Any CPU.ActiveCfg = Release|Any CPU
		{7DDD8441-06FC-4046-A9FF-2FB0A7849E39}.Release|Any CPU.Build.0 = Release|Any CPU
		{555733DB-7105-407C-94E6-0F943CADA317}.Debug|Any CPU.ActiveCfg = Debug|Any CPU
		{555733DB-7105-407C-94E6-0F943CADA317}.Debug|Any CPU.Build.0 = Debug|Any CPU
		{555733DB-7105-407C-94E6-0F943CADA317}.Release|Any CPU.ActiveCfg = Release|Any CPU
		{555733DB-7105-407C-94E6-0F943CADA317}.Release|Any CPU.Build.0 = Release|Any CPU
		{CA8F59BB-F368-4FFB-B5D6-EA787CFC1E55}.Debug|Any CPU.ActiveCfg = Debug|Any CPU
		{CA8F59BB-F368-4FFB-B5D6-EA787CFC1E55}.Debug|Any CPU.Build.0 = Debug|Any CPU
		{CA8F59BB-F368-4FFB-B5D6-EA787CFC1E55}.Release|Any CPU.ActiveCfg = Release|Any CPU
		{CA8F59BB-F368-4FFB-B5D6-EA787CFC1E55}.Release|Any CPU.Build.0 = Release|Any CPU
		{DAD36253-4C65-4B35-8193-61A7D6BB7BEE}.Debug|Any CPU.ActiveCfg = Debug|Any CPU
		{DAD36253-4C65-4B35-8193-61A7D6BB7BEE}.Debug|Any CPU.Build.0 = Debug|Any CPU
		{DAD36253-4C65-4B35-8193-61A7D6BB7BEE}.Release|Any CPU.ActiveCfg = Release|Any CPU
		{DAD36253-4C65-4B35-8193-61A7D6BB7BEE}.Release|Any CPU.Build.0 = Release|Any CPU
		{91372121-5E07-4A75-B9A0-9A508A6464F2}.Debug|Any CPU.ActiveCfg = Debug|Any CPU
		{91372121-5E07-4A75-B9A0-9A508A6464F2}.Debug|Any CPU.Build.0 = Debug|Any CPU
		{91372121-5E07-4A75-B9A0-9A508A6464F2}.Release|Any CPU.ActiveCfg = Release|Any CPU
		{91372121-5E07-4A75-B9A0-9A508A6464F2}.Release|Any CPU.Build.0 = Release|Any CPU
		{AE9C05DA-3F28-4F17-A907-A85DFFB3BD26}.Debug|Any CPU.ActiveCfg = Debug|Any CPU
		{AE9C05DA-3F28-4F17-A907-A85DFFB3BD26}.Debug|Any CPU.Build.0 = Debug|Any CPU
		{AE9C05DA-3F28-4F17-A907-A85DFFB3BD26}.Release|Any CPU.ActiveCfg = Release|Any CPU
		{AE9C05DA-3F28-4F17-A907-A85DFFB3BD26}.Release|Any CPU.Build.0 = Release|Any CPU
		{4CAD7451-2708-4331-844B-C05D8A448726}.Debug|Any CPU.ActiveCfg = Debug|Any CPU
		{4CAD7451-2708-4331-844B-C05D8A448726}.Debug|Any CPU.Build.0 = Debug|Any CPU
		{4CAD7451-2708-4331-844B-C05D8A448726}.Release|Any CPU.ActiveCfg = Release|Any CPU
		{4CAD7451-2708-4331-844B-C05D8A448726}.Release|Any CPU.Build.0 = Release|Any CPU
		{2E902883-BBB2-469B-BC3B-5199A0BA785E}.Debug|Any CPU.ActiveCfg = Debug|Any CPU
		{2E902883-BBB2-469B-BC3B-5199A0BA785E}.Debug|Any CPU.Build.0 = Debug|Any CPU
		{2E902883-BBB2-469B-BC3B-5199A0BA785E}.Release|Any CPU.ActiveCfg = Release|Any CPU
		{2E902883-BBB2-469B-BC3B-5199A0BA785E}.Release|Any CPU.Build.0 = Release|Any CPU
		{6ABEFFA8-3B6E-4EFF-8075-8ECFAA3F0814}.Debug|Any CPU.ActiveCfg = Debug|Any CPU
		{6ABEFFA8-3B6E-4EFF-8075-8ECFAA3F0814}.Debug|Any CPU.Build.0 = Debug|Any CPU
		{6ABEFFA8-3B6E-4EFF-8075-8ECFAA3F0814}.Release|Any CPU.ActiveCfg = Release|Any CPU
		{6ABEFFA8-3B6E-4EFF-8075-8ECFAA3F0814}.Release|Any CPU.Build.0 = Release|Any CPU
		{0AFFDE01-D1C9-419B-958A-6305293F60F4}.Debug|Any CPU.ActiveCfg = Debug|Any CPU
		{0AFFDE01-D1C9-419B-958A-6305293F60F4}.Debug|Any CPU.Build.0 = Debug|Any CPU
		{0AFFDE01-D1C9-419B-958A-6305293F60F4}.Release|Any CPU.ActiveCfg = Release|Any CPU
		{0AFFDE01-D1C9-419B-958A-6305293F60F4}.Release|Any CPU.Build.0 = Release|Any CPU
		{3AD37C54-3FD7-412B-917B-A92C43D92CC3}.Debug|Any CPU.ActiveCfg = Debug|Any CPU
		{3AD37C54-3FD7-412B-917B-A92C43D92CC3}.Debug|Any CPU.Build.0 = Debug|Any CPU
		{3AD37C54-3FD7-412B-917B-A92C43D92CC3}.Release|Any CPU.ActiveCfg = Release|Any CPU
		{3AD37C54-3FD7-412B-917B-A92C43D92CC3}.Release|Any CPU.Build.0 = Release|Any CPU
		{EB81DB89-E83A-47D1-8C20-5963293D6899}.Debug|Any CPU.ActiveCfg = Debug|Any CPU
		{EB81DB89-E83A-47D1-8C20-5963293D6899}.Debug|Any CPU.Build.0 = Debug|Any CPU
		{EB81DB89-E83A-47D1-8C20-5963293D6899}.Release|Any CPU.ActiveCfg = Release|Any CPU
		{EB81DB89-E83A-47D1-8C20-5963293D6899}.Release|Any CPU.Build.0 = Release|Any CPU
		{36B8F55C-0935-4B13-89FA-C8BCFC68A701}.Debug|Any CPU.ActiveCfg = Debug|Any CPU
		{36B8F55C-0935-4B13-89FA-C8BCFC68A701}.Debug|Any CPU.Build.0 = Debug|Any CPU
		{36B8F55C-0935-4B13-89FA-C8BCFC68A701}.Release|Any CPU.ActiveCfg = Release|Any CPU
		{36B8F55C-0935-4B13-89FA-C8BCFC68A701}.Release|Any CPU.Build.0 = Release|Any CPU
	EndGlobalSection
	GlobalSection(SolutionProperties) = preSolution
		HideSolutionNode = FALSE
	EndGlobalSection
	GlobalSection(NestedProjects) = preSolution
		{C31CE5C8-43FF-45A1-BD8F-444413556313} = {7C53EC59-6D50-4189-BC81-D6A77E11EE54}
		{E48498FD-3D98-4377-93A7-9483FBEDBFD2} = {7C53EC59-6D50-4189-BC81-D6A77E11EE54}
		{BE1056BD-95B5-4447-B14B-385E0553E7BB} = {7C53EC59-6D50-4189-BC81-D6A77E11EE54}
		{F8EFD77A-4FA8-4133-B9F9-55FB3BC7E76A} = {C31CE5C8-43FF-45A1-BD8F-444413556313}
		{8AD2CB21-B140-403B-9738-E31D427AA56B} = {E48498FD-3D98-4377-93A7-9483FBEDBFD2}
		{9FAFF96F-FBBC-4B86-A11D-D425812AA78D} = {BE1056BD-95B5-4447-B14B-385E0553E7BB}
		{9FDAEAF3-845A-47BA-B12E-01858A3684A9} = {C31CE5C8-43FF-45A1-BD8F-444413556313}
		{C8D62B82-A8D0-4B89-BB0D-A80C7371E7B5} = {C31CE5C8-43FF-45A1-BD8F-444413556313}
		{451F1D75-9642-46FA-9805-95B04F7B6163} = {C31CE5C8-43FF-45A1-BD8F-444413556313}
		{B83521B9-099F-4280-9C07-6C2F0172C035} = {C31CE5C8-43FF-45A1-BD8F-444413556313}
		{FD633532-C4E0-4915-A89C-2CE4694C22FB} = {C31CE5C8-43FF-45A1-BD8F-444413556313}
		{6AC27C2B-7098-480B-986D-2C299358378D} = {F8EFD77A-4FA8-4133-B9F9-55FB3BC7E76A}
		{CF5C800D-56CB-453B-9AB6-D441D5949913} = {F8EFD77A-4FA8-4133-B9F9-55FB3BC7E76A}
		{39A8DA45-B3DF-4B3A-99D1-FE059C19F68C} = {F8EFD77A-4FA8-4133-B9F9-55FB3BC7E76A}
		{7D75819A-91E4-4EC8-9B1D-65CA660AE0F3} = {F8EFD77A-4FA8-4133-B9F9-55FB3BC7E76A}
		{B6C48668-D880-4766-B003-0ED18F002098} = {F8EFD77A-4FA8-4133-B9F9-55FB3BC7E76A}
		{BEAAC325-868B-4BB6-ACCD-4FD4D5DA87DA} = {E48498FD-3D98-4377-93A7-9483FBEDBFD2}
		{D54ABD4B-45DB-42BB-A928-35CB240DBF32} = {E48498FD-3D98-4377-93A7-9483FBEDBFD2}
		{04D3505E-A8AC-452F-9E13-A1253A47A151} = {E48498FD-3D98-4377-93A7-9483FBEDBFD2}
		{2EA6C0C9-2FA7-4FC5-B44E-7A7EFF7A506A} = {E48498FD-3D98-4377-93A7-9483FBEDBFD2}
		{780E6A88-F886-49E2-975A-B3C1EA552187} = {E48498FD-3D98-4377-93A7-9483FBEDBFD2}
		{12DE515D-83EA-47AE-B3A5-74DAE106A9A5} = {8AD2CB21-B140-403B-9738-E31D427AA56B}
		{0081CB76-D43E-4016-9FEA-4FB40355FC40} = {8AD2CB21-B140-403B-9738-E31D427AA56B}
		{39D59780-BFB1-4F27-906F-B2D4A1146567} = {8AD2CB21-B140-403B-9738-E31D427AA56B}
		{95BE7F2D-0B16-4048-923B-DF6D3767F000} = {8AD2CB21-B140-403B-9738-E31D427AA56B}
		{4EF2C9E4-4A7F-488C-937D-9A6A1C339DE7} = {8AD2CB21-B140-403B-9738-E31D427AA56B}
		{F61DC1F3-BDDB-4C2B-8C18-33552FB6523F} = {BE1056BD-95B5-4447-B14B-385E0553E7BB}
		{3240FDD4-97E0-499A-B530-5628E77DC40A} = {BE1056BD-95B5-4447-B14B-385E0553E7BB}
		{7240DC79-DF90-4733-8016-A645771B4E18} = {BE1056BD-95B5-4447-B14B-385E0553E7BB}
		{45BC2C40-DE68-4212-8748-857411605176} = {BE1056BD-95B5-4447-B14B-385E0553E7BB}
		{2F514589-6308-4001-AB8E-9BEBC36B8876} = {BE1056BD-95B5-4447-B14B-385E0553E7BB}
		{26603C5A-3C01-40FC-9724-6EBB3486B1A1} = {9FAFF96F-FBBC-4B86-A11D-D425812AA78D}
		{4B6F35C5-A4B3-47D8-88DB-AF8D7CB03F62} = {9FAFF96F-FBBC-4B86-A11D-D425812AA78D}
		{A123E679-DEBC-49A0-9859-03EE16BBFF99} = {9FAFF96F-FBBC-4B86-A11D-D425812AA78D}
		{CF7806E0-C6A3-49F2-A37F-F1BA7A04A823} = {9FAFF96F-FBBC-4B86-A11D-D425812AA78D}
		{DEC5A830-3DEB-4735-A964-0EBFA56707D2} = {9FAFF96F-FBBC-4B86-A11D-D425812AA78D}
		{8348BE1B-FA66-4323-9E44-8CFBCD84E26C} = {748316B7-3CA2-45F3-8151-FF9158322710}
		{8AD96465-FA99-4EE6-BA9F-6C0BF41A7A38} = {7C53EC59-6D50-4189-BC81-D6A77E11EE54}
		{940E3DA6-1A80-4F63-AA7C-DE75BDEC03D5} = {8AD96465-FA99-4EE6-BA9F-6C0BF41A7A38}
		{1A3488E4-7D40-4180-9458-E9ECAB895933} = {8AD96465-FA99-4EE6-BA9F-6C0BF41A7A38}
		{78424817-197A-466D-B993-8CD9BD856E6F} = {1A3488E4-7D40-4180-9458-E9ECAB895933}
		{A5D59546-CF75-4E73-88EA-746410FD2511} = {8AD96465-FA99-4EE6-BA9F-6C0BF41A7A38}
		{C31CEC44-C221-4C1A-86CC-70EBADD96A48} = {1A3488E4-7D40-4180-9458-E9ECAB895933}
		{6A4F3C17-A686-405E-82C1-DA2735510374} = {8AD96465-FA99-4EE6-BA9F-6C0BF41A7A38}
		{9C5FE389-B6D7-40F8-9026-4A0AA1D2239F} = {8AD96465-FA99-4EE6-BA9F-6C0BF41A7A38}
		{9DD09F18-CC67-4598-91B1-F90C5AE46C07} = {8AD96465-FA99-4EE6-BA9F-6C0BF41A7A38}
		{7DDD8441-06FC-4046-A9FF-2FB0A7849E39} = {1A3488E4-7D40-4180-9458-E9ECAB895933}
		{555733DB-7105-407C-94E6-0F943CADA317} = {1A3488E4-7D40-4180-9458-E9ECAB895933}
		{CA8F59BB-F368-4FFB-B5D6-EA787CFC1E55} = {1A3488E4-7D40-4180-9458-E9ECAB895933}
		{B3B6B8F1-D824-4C1D-9B2B-D314A67DD33C} = {7C53EC59-6D50-4189-BC81-D6A77E11EE54}
		{DAD36253-4C65-4B35-8193-61A7D6BB7BEE} = {B3B6B8F1-D824-4C1D-9B2B-D314A67DD33C}
		{91372121-5E07-4A75-B9A0-9A508A6464F2} = {B3B6B8F1-D824-4C1D-9B2B-D314A67DD33C}
		{AE9C05DA-3F28-4F17-A907-A85DFFB3BD26} = {B3B6B8F1-D824-4C1D-9B2B-D314A67DD33C}
		{4CAD7451-2708-4331-844B-C05D8A448726} = {B3B6B8F1-D824-4C1D-9B2B-D314A67DD33C}
		{2E902883-BBB2-469B-BC3B-5199A0BA785E} = {B3B6B8F1-D824-4C1D-9B2B-D314A67DD33C}
		{26D121C6-3133-4E7F-BF54-76A9E694FD5E} = {B3B6B8F1-D824-4C1D-9B2B-D314A67DD33C}
		{6ABEFFA8-3B6E-4EFF-8075-8ECFAA3F0814} = {26D121C6-3133-4E7F-BF54-76A9E694FD5E}
		{0AFFDE01-D1C9-419B-958A-6305293F60F4} = {26D121C6-3133-4E7F-BF54-76A9E694FD5E}
		{3AD37C54-3FD7-412B-917B-A92C43D92CC3} = {26D121C6-3133-4E7F-BF54-76A9E694FD5E}
		{EB81DB89-E83A-47D1-8C20-5963293D6899} = {26D121C6-3133-4E7F-BF54-76A9E694FD5E}
		{36B8F55C-0935-4B13-89FA-C8BCFC68A701} = {26D121C6-3133-4E7F-BF54-76A9E694FD5E}
	EndGlobalSection
	GlobalSection(ExtensibilityGlobals) = postSolution
		SolutionGuid = {E49A82BE-1384-4BC2-8DCE-20B9CD972BCE}
	EndGlobalSection
EndGlobal
